lockfileVersion: '9.0'

settings:
  autoInstallPeers: true
  excludeLinksFromLockfile: false

importers:

  .:
    devDependencies:
      '@tsconfig/node22':
        specifier: ^22.0.0
        version: 22.0.0
      '@types/node':
        specifier: ~22.7.5
        version: 22.7.5

packages:

  '@tsconfig/node22@22.0.0':
    resolution: {integrity: sha512-twLQ77zevtxobBOD4ToAtVmuYrpeYUh3qh+TEp+08IWhpsrIflVHqQ1F1CiPxQGL7doCdBIOOCF+1Tm833faNg==}

  '@types/node@22.7.5':
    resolution: {integrity: sha512-jML7s2NAzMWc//QSJ1a3prpk78cOPchGvXJsC3C6R6PSMoooztvRVQEz89gmBTBY1SPMaqo5teB4uNHPdetShQ==}

  undici-types@6.19.8:
    resolution: {integrity: sha512-ve2KP6f/JnbPBFyobGHuerC9g1FYGn/F8n1LWTwNxCEzd6IfqTwUQcNXgEtmmQ6DlRrC1hrSrBnCZPokRrDHjw==}

snapshots:

  '@tsconfig/node22@22.0.0': {}

  '@types/node@22.7.5':
    dependencies:
      undici-types: 6.19.8

  undici-types@6.19.8: {}
