{
  "version": "5",
  "specifiers": {
    "npm:@helia/car@^3.1.5": "3.2.1",
    "npm:@helia/unixfs@^3.0.6": "3.0.7",
    "npm:@helia/utils@~0.3.2": "0.3.3",
    "npm:@ipld/car@^5.3.1": "5.3.2",
    "npm:@types/node@*": "22.5.4",
    "npm:blockstore-core@^4.4.1": "4.4.1",
    "npm:datastore-core@^9.2.9": "9.2.9",
    "npm:lodash-es@^4.17.21": "4.17.21"
  },
  "npm": {
    "@assemblyscript/loader@0.9.4": {
      "integrity": "sha512-HazVq9zwTVwGmqdwYzu7WyQ6FQVZ7SwET0KKQuKm55jD0IfUpZgN0OPIiZG3zV1iSrVYcN0bdwLRXI/VNCYsUA=="
    },
    "@chainsafe/is-ip@2.0.2": {
      "integrity": "sha512-ndGqEMG1W5WkGagaqOZHpPU172AGdxr+LD15sv3WIUvT5oCFUrG1Y0CW/v2Egwj4JXEvSibaIIIqImsm98y1nA=="
    },
    "@chainsafe/netmask@2.0.0": {
      "integrity": "sha512-I3Z+6SWUoaljh3TBzCnCxjlUyN8tA+NAk5L6m9IxvCf1BENQTePzPMis97CoN/iMW1St3WN+AWCCRp+TTBRiDg==",
      "dependencies": [
        "@chainsafe/is-ip"
      ]
    },
    "@helia/car@3.2.1": {
      "integrity": "sha512-+TsYSARKz2/aWItFm+vtTtblK0ocbi3J2KcikGFkmr12ti+uO/tEkaK1OAY79H4r8GKJhniiPUg5s5gXu9GVvQ==",
      "dependencies": [
        "@helia/interface",
        "@ipld/car",
        "@libp2p/interface",
        "@libp2p/utils",
        "interface-blockstore",
        "it-drain",
        "it-map",
        "multiformats",
        "p-defer",
        "p-queue",
        "progress-events"
      ]
    },
    "@helia/interface@4.3.1": {
      "integrity": "sha512-jvuUUAQbLMhvMt+Lon7mJfJt5xJWiwn8aXtI9fHBpMNMsrKJOtefxAzwSr18xe+C9bMdOyRtocj2eFhs74bQ8w==",
      "dependencies": [
        "@libp2p/interface",
        "@multiformats/dns",
        "interface-blockstore",
        "interface-datastore",
        "interface-store@5.1.8",
        "multiformats",
        "progress-events"
      ]
    },
    "@helia/unixfs@3.0.7": {
      "integrity": "sha512-5fBXYk9t6Iu/DnTQZ//sn0MhM00AnK+VYEkfXdReoBUdzVFrOFW/bihT4sgLfYCq86+TShdrU1aDLkbFiN6FnQ==",
      "dependencies": [
        "@helia/interface",
        "@ipld/dag-pb",
        "@libp2p/interface",
        "@libp2p/logger",
        "@multiformats/murmur3",
        "hamt-sharding",
        "interface-blockstore",
        "ipfs-unixfs",
        "ipfs-unixfs-exporter",
        "ipfs-unixfs-importer",
        "it-all",
        "it-glob",
        "it-last",
        "it-pipe",
        "merge-options",
        "multiformats",
        "progress-events",
        "sparse-array",
        "uint8arrays"
      ]
    },
    "@helia/utils@0.3.3": {
      "integrity": "sha512-iCS8dJRULgltfx7aLLoqfjWUpqBWrTyouCToB9RgHpNs4lHcIsZn/VSbHyjC4NUF9nIWsxhH/3UAdvWl23HEgw==",
      "dependencies": [
        "@helia/interface",
        "@ipld/dag-cbor",
        "@ipld/dag-json",
        "@ipld/dag-pb",
        "@libp2p/crypto",
        "@libp2p/interface",
        "@libp2p/logger",
        "@libp2p/utils",
        "@multiformats/dns",
        "@types/murmurhash3js-revisited",
        "any-signal",
        "blockstore-core",
        "cborg",
        "interface-blockstore",
        "interface-datastore",
        "interface-store@5.1.8",
        "it-drain",
        "it-filter",
        "it-foreach",
        "it-merge",
        "mortice",
        "multiformats",
        "murmurhash3js-revisited",
        "p-defer",
        "progress-events",
        "uint8arraylist",
        "uint8arrays"
      ]
    },
    "@ipld/car@5.3.2": {
      "integrity": "sha512-Bb4XrCFlnsCb9tTzZ1I8zo9O61D9qm7HfvuYrQ9gzdE8YhjyVIjrjmHmnoSWV/uCmyc2/bcqiDPIg+9WljXNzg==",
      "dependencies": [
        "@ipld/dag-cbor",
        "cborg",
        "multiformats",
        "varint"
      ]
    },
    "@ipld/dag-cbor@9.2.1": {
      "integrity": "sha512-nyY48yE7r3dnJVlxrdaimrbloh4RokQaNRdI//btfTkcTEZbpmSrbYcBQ4VKTf8ZxXAOUJy4VsRpkJo+y9RTnA==",
      "dependencies": [
        "cborg",
        "multiformats"
      ]
    },
    "@ipld/dag-json@10.2.2": {
      "integrity": "sha512-NnU8HdHKwAoGyrW3S09NMa8aZw0tImLRyR64hoafpLpDpAbA9g1+fb24JsdlugbL4sXUQVwDVA+qK4Ud8V83lA==",
      "dependencies": [
        "cborg",
        "multiformats"
      ]
    },
    "@ipld/dag-pb@4.1.2": {
      "integrity": "sha512-BSztO4l3C+ya9HjCaQot26Y4AVsqIKtnn6+23ubc1usucnf6yoTBme18oCCdM6gKBMxuPqju5ye3lh9WEJsdeQ==",
      "dependencies": [
        "multiformats"
      ]
    },
    "@leichtgewicht/ip-codec@2.0.5": {
      "integrity": "sha512-Vo+PSpZG2/fmgmiNzYK9qWRh8h/CHrwD0mo1h1DzL4yzHNSfWYujGTYsWGreD000gcgmZ7K4Ys6Tx9TxtsKdDw=="
    },
    "@libp2p/crypto@4.1.9": {
      "integrity": "sha512-8Cf2VKh0uC/rQLvTLSloIOMqUvf4jsSTHXgjWQRf47lDNJlNNI0wSv2S6gakT72GZsRV/jCjYwKPqRlsa5S0iA==",
      "dependencies": [
        "@libp2p/interface",
        "@noble/curves",
        "@noble/hashes",
        "asn1js",
        "multiformats",
        "protons-runtime",
        "uint8arraylist",
        "uint8arrays"
      ]
    },
    "@libp2p/interface@1.7.0": {
      "integrity": "sha512-/zFyaIaIGW0aihhsH7/93vQdpWInUzFocxF11RO/029Y6h0SVjs24HHbils+DqaFDTqN+L7oNlBx2rM2MnmTjA==",
      "dependencies": [
        "@multiformats/multiaddr",
        "it-pushable",
        "it-stream-types",
        "multiformats",
        "progress-events",
        "uint8arraylist"
      ]
    },
    "@libp2p/logger@4.0.20": {
      "integrity": "sha512-TTh2dhHsOTAlMPxSa9ncFPHa/0jTt+0AQxwHdlxg/OGLAgc9VRhnrhHUbJZp07Crcw4T/MOfS4KhjlxgqYgJRw==",
      "dependencies": [
        "@libp2p/interface",
        "@multiformats/multiaddr",
        "interface-datastore",
        "multiformats",
        "weald"
      ]
    },
    "@libp2p/utils@5.4.9": {
      "integrity": "sha512-0fRdX98WqhTmXU2WEVLegLFxs/kKTtUHanHk5Lzs4oGsIzlPHR7zE6lj/U1WfsFA+Xo1eYQpNLiXEL29hG+Nyw==",
      "dependencies": [
        "@chainsafe/is-ip",
        "@libp2p/crypto",
        "@libp2p/interface",
        "@libp2p/logger",
        "@multiformats/multiaddr",
        "@multiformats/multiaddr-matcher",
        "@sindresorhus/fnv1a",
        "@types/murmurhash3js-revisited",
        "any-signal",
        "delay",
        "get-iterator",
        "is-loopback-addr",
        "it-pushable",
        "it-stream-types",
        "murmurhash3js-revisited",
        "netmask",
        "p-defer",
        "race-event",
        "race-signal",
        "uint8arraylist",
        "uint8arrays"
      ]
    },
    "@multiformats/dns@1.0.6": {
      "integrity": "sha512-nt/5UqjMPtyvkG9BQYdJ4GfLK3nMqGpFZOzf4hAmIa0sJh2LlS9YKXZ4FgwBDsaHvzZqR/rUFIywIc7pkHNNuw==",
      "dependencies": [
        "@types/dns-packet",
        "buffer",
        "dns-packet",
        "hashlru",
        "p-queue",
        "progress-events",
        "uint8arrays"
      ]
    },
    "@multiformats/multiaddr-matcher@1.2.6": {
      "integrity": "sha512-lqD3BqVs0ee1YUMY6am2HTJq6TYf3sQaVK8s+0Ns7FbbOsFv5j76cBkP3BSET6vIO+SGx6/K6Ns8zQI5ofiQUA==",
      "dependencies": [
        "@chainsafe/is-ip",
        "@multiformats/multiaddr",
        "multiformats"
      ]
    },
    "@multiformats/multiaddr@12.3.1": {
      "integrity": "sha512-yoGODQY4nIj41ENJClucS8FtBoe8w682bzbKldEQr9lSlfdHqAsRC+vpJAOBpiMwPps1tHua4kxrDmvprdhoDQ==",
      "dependencies": [
        "@chainsafe/is-ip",
        "@chainsafe/netmask",
        "@multiformats/dns",
        "multiformats",
        "uint8-varint",
        "uint8arrays"
      ]
    },
    "@multiformats/murmur3@2.1.8": {
      "integrity": "sha512-6vId1C46ra3R1sbJUOFCZnsUIveR9oF20yhPmAFxPm0JfrX3/ZRCgP3YDrBzlGoEppOXnA9czHeYc0T9mB6hbA==",
      "dependencies": [
        "multiformats",
        "murmurhash3js-revisited"
      ]
    },
    "@noble/curves@1.6.0": {
      "integrity": "sha512-TlaHRXDehJuRNR9TfZDNQ45mMEd5dwUwmicsafcIX4SsNiqnCHKjE/1alYPd/lDRVhxdhUAlv8uEhMCI5zjIJQ==",
      "dependencies": [
        "@noble/hashes"
      ]
    },
    "@noble/hashes@1.5.0": {
      "integrity": "sha512-1j6kQFb7QRru7eKN3ZDvRcP13rugwdxZqCjbiAVZfIJwgj2A65UmT4TgARXGlXgnRkORLTDTrO19ZErt7+QXgA=="
    },
    "@nodelib/fs.scandir@2.1.5": {
      "integrity": "sha512-vq24Bq3ym5HEQm2NKCr3yXDwjc7vTsEThRDnkp2DK9p1uqLR+DHurm/NOTo0KG7HYHU7eppKZj3MyqYuMBf62g==",
      "dependencies": [
        "@nodelib/fs.stat",
        "run-parallel"
      ]
    },
    "@nodelib/fs.stat@2.0.5": {
      "integrity": "sha512-RkhPPp2zrqDAQA/2jNhnztcPAlv64XdhIp7a7454A5ovI7Bukxgt7MX7udwAu3zg1DcpPU0rz3VV1SeaqvY4+A=="
    },
    "@nodelib/fs.walk@1.2.8": {
      "integrity": "sha512-oGB+UxlgWcgQkgwo8GcEGwemoTFt3FIO9ababBmaGwXIoBKZ+GTy0pP185beGg7Llih/NSHSV2XAs1lnznocSg==",
      "dependencies": [
        "@nodelib/fs.scandir",
        "fastq"
      ]
    },
    "@sindresorhus/fnv1a@3.1.0": {
      "integrity": "sha512-KV321z5m/0nuAg83W1dPLy85HpHDk7Sdi4fJbwvacWsEhAh+rZUW4ZfGcXmUIvjZg4ss2bcwNlRhJ7GBEUG08w=="
    },
    "@types/dns-packet@5.6.5": {
      "integrity": "sha512-qXOC7XLOEe43ehtWJCMnQXvgcIpv6rPmQ1jXT98Ad8A3TB1Ue50jsCbSSSyuazScEuZ/Q026vHbrOTVkmwA+7Q==",
      "dependencies": [
        "@types/node"
      ]
    },
    "@types/murmurhash3js-revisited@3.0.3": {
      "integrity": "sha512-QvlqvYtGBYIDeO8dFdY4djkRubcrc+yTJtBc7n8VZPlJDUS/00A+PssbvERM8f9bYRmcaSEHPZgZojeQj7kzAA=="
    },
    "@types/node@22.5.4": {
      "integrity": "sha512-FDuKUJQm/ju9fT/SeX/6+gBzoPzlVCzfzmGkwKvRHQVxi4BntVbyIwf6a4Xn62mrvndLiml6z/UBXIdEVjQLXg==",
      "dependencies": [
        "undici-types"
      ]
    },
    "any-signal@4.1.1": {
      "integrity": "sha512-iADenERppdC+A2YKbOXXB2WUeABLaM6qnpZ70kZbPZ1cZMMJ7eF+3CaYm+/PhBizgkzlvssC7QuHS30oOiQYWA=="
    },
    "asn1js@3.0.5": {
      "integrity": "sha512-FVnvrKJwpt9LP2lAMl8qZswRNm3T4q9CON+bxldk2iwk3FFpuwhx2FfinyitizWHsVYyaY+y5JzDR0rCMV5yTQ==",
      "dependencies": [
        "pvtsutils",
        "pvutils",
        "tslib"
      ]
    },
    "base64-js@1.5.1": {
      "integrity": "sha512-AKpaYlHn8t4SVbOHCy+b5+KKgvR4vrsD8vbvrbiQJps7fKDTkjkDry6ji0rUJjC0kzbNePLwzxq8iypo41qeWA=="
    },
    "bl@5.1.0": {
      "integrity": "sha512-tv1ZJHLfTDnXE6tMHv73YgSJaWR2AFuPwMntBe7XL/GBFHnT0CLnsHMogfk5+GzCDC5ZWarSCYaIGATZt9dNsQ==",
      "dependencies": [
        "buffer",
        "inherits",
        "readable-stream"
      ]
    },
    "blockstore-core@4.4.1": {
      "integrity": "sha512-peXfL9ZLx1cb84QALocMjhT8CsQ4JsreI/AitlN1inipSdC/G+jcYVJCqeCD5ecSTv/0LMpg8NlAPH/eBYZLjA==",
      "dependencies": [
        "@libp2p/logger",
        "err-code",
        "interface-blockstore",
        "interface-store@5.1.8",
        "it-drain",
        "it-filter",
        "it-merge",
        "it-pushable",
        "multiformats"
      ]
    },
    "braces@3.0.3": {
      "integrity": "sha512-yQbXgO/OSZVD2IsiLlro+7Hf6Q18EJrKSEsdoMzKePKXct3gvD8oLcOQdIzGupr5Fj+EDe8gO/lxc1BzfMpxvA==",
      "dependencies": [
        "fill-range"
      ]
    },
    "buffer@6.0.3": {
      "integrity": "sha512-FTiCpNxtwiZZHEZbcbTIcZjERVICn9yq/pDFkTl95/AxzD1naBctN7YO68riM/gLSDY7sdrMby8hofADYuuqOA==",
      "dependencies": [
        "base64-js",
        "ieee754"
      ]
    },
    "cborg@4.2.4": {
      "integrity": "sha512-ns2xY95zViHIVy4lq+qdLmfXTpnT3XjmKradz4RJxxbr5jc/A5gS5FiFLcPGhSdHVlSeeoizT1fuKdI1Kcd6oA==",
      "bin": true
    },
    "datastore-core@9.2.9": {
      "integrity": "sha512-wraWTPsbtdE7FFaVo3pwPuTB/zXsgwGGAm8BgBYwYAuzZCTS0MfXmd/HH1vR9s0/NFFjOVmBkGiWCvKxZ+QjVw==",
      "dependencies": [
        "@libp2p/logger",
        "err-code",
        "interface-datastore",
        "interface-store@5.1.8",
        "it-drain",
        "it-filter",
        "it-map",
        "it-merge",
        "it-pipe",
        "it-pushable",
        "it-sort",
        "it-take"
      ]
    },
    "debug@4.3.7": {
      "integrity": "sha512-Er2nc/H7RrMXZBFCEim6TCmMk02Z8vLC2Rbi1KEBggpo0fS6l0S1nnapwmIi3yW/+GOJap1Krg4w0Hg80oCqgQ==",
      "dependencies": [
        "ms@2.1.3"
      ]
    },
    "delay@6.0.0": {
      "integrity": "sha512-2NJozoOHQ4NuZuVIr5CWd0iiLVIRSDepakaovIN+9eIDHEhdCAEvSy2cuf1DCrPPQLvHmbqTHODlhHg8UCy4zw=="
    },
    "dns-packet@5.6.1": {
      "integrity": "sha512-l4gcSouhcgIKRvyy99RNVOgxXiicE+2jZoNmaNmZ6JXiGajBOJAesk1OBlJuM5k2c+eudGdLxDqXuPCKIj6kpw==",
      "dependencies": [
        "@leichtgewicht/ip-codec"
      ]
    },
    "err-code@3.0.1": {
      "integrity": "sha512-GiaH0KJUewYok+eeY05IIgjtAe4Yltygk9Wqp1V5yVWLdhf0hYZchRjNIT9bb0mSwRcIusT3cx7PJUf3zEIfUA=="
    },
    "eventemitter3@5.0.1": {
      "integrity": "sha512-GWkBvjiSZK87ELrYOSESUYeVIc9mvLLf/nXalMOS5dYrgZq9o5OVkbZAVM06CVxYsCwH9BDZFPlQTlPA1j4ahA=="
    },
    "fast-glob@3.3.2": {
      "integrity": "sha512-oX2ruAFQwf/Orj8m737Y5adxDQO0LAB7/S5MnxCdTNDd4p6BsyIVsv9JQsATbTSq8KHRpLwIHbVlUNatxd+1Ow==",
      "dependencies": [
        "@nodelib/fs.stat",
        "@nodelib/fs.walk",
        "glob-parent",
        "merge2",
        "micromatch"
      ]
    },
    "fastq@1.17.1": {
      "integrity": "sha512-sRVD3lWVIXWg6By68ZN7vho9a1pQcN/WBFaAAsDDFzlJjvoGx0P8z7V1t72grFJfJhu3YPZBuu25f7Kaw2jN1w==",
      "dependencies": [
        "reusify"
      ]
    },
    "fill-range@7.1.1": {
      "integrity": "sha512-YsGpe3WHLK8ZYi4tWDg2Jy3ebRz2rXowDxnld4bkQB00cc/1Zw9AWnC0i9ztDJitivtQvaI9KaLyKrc+hBW0yg==",
      "dependencies": [
        "to-regex-range"
      ]
    },
    "get-iterator@2.0.1": {
      "integrity": "sha512-7HuY/hebu4gryTDT7O/XY/fvY9wRByEGdK6QOa4of8npTcv0+NS6frFKABcf6S9EBAsveTuKTsZQQBFMMNILIg=="
    },
    "glob-parent@5.1.2": {
      "integrity": "sha512-AOIgSQCepiJYwP3ARnGx+5VnTu2HBYdzbGP45eLw1vr3zB3vZLeyed1sC9hnbcOc9/SrMyM5RPQrkGz4aS9Zow==",
      "dependencies": [
        "is-glob"
      ]
    },
    "hamt-sharding@3.0.6": {
      "integrity": "sha512-nZeamxfymIWLpVcAN0CRrb7uVq3hCOGj9IcL6NMA6VVCVWqj+h9Jo/SmaWuS92AEDf1thmHsM5D5c70hM3j2Tg==",
      "dependencies": [
        "sparse-array",
        "uint8arrays"
      ]
    },
    "hashlru@2.3.0": {
      "integrity": "sha512-0cMsjjIC8I+D3M44pOQdsy0OHXGLVz6Z0beRuufhKa0KfaD2wGwAev6jILzXsd3/vpnNQJmWyZtIILqM1N+n5A=="
    },
    "ieee754@1.2.1": {
      "integrity": "sha512-dcyqhDvX1C46lXZcVqCpK+FtMRQVdIMN6/Df5js2zouUsqG7I6sFxitIC+7KYK29KdXOLHdu9zL4sFnoVQnqaA=="
    },
    "inherits@2.0.4": {
      "integrity": "sha512-k/vGaX4/Yla3WzyMCvTQOXYeIHvqOKtnqBduzTHpzpQZzAskKMhZ2K+EnBiSM9zGSoIFeMpXKxa4dYeZIQqewQ=="
    },
    "interface-blockstore@5.3.1": {
      "integrity": "sha512-nhgrQnz6yUQEqxTFLhlOBurQOy5lWlwCpgFmZ3GTObTVTQS9RZjK/JTozY6ty9uz2lZs7VFJSqwjWAltorJ4Vw==",
      "dependencies": [
        "interface-store@6.0.2",
        "multiformats"
      ]
    },
    "interface-datastore@8.3.1": {
      "integrity": "sha512-3r0ETmHIi6HmvM5sc09QQiCD3gUfwtEM/AAChOyAd/UAKT69uk8LXfTSUBufbUIO/dU65Vj8nb9O6QjwW8vDSQ==",
      "dependencies": [
        "interface-store@6.0.2",
        "uint8arrays"
      ]
    },
    "interface-store@5.1.8": {
      "integrity": "sha512-7na81Uxkl0vqk0CBPO5PvyTkdaJBaezwUJGsMOz7riPOq0rJt+7W31iaopaMICWea/iykUsvNlPx/Tc+MxC3/w=="
    },
    "interface-store@6.0.2": {
      "integrity": "sha512-KSFCXtBlNoG0hzwNa0RmhHtrdhzexp+S+UY2s0rWTBJyfdEIgn6i6Zl9otVqrcFYbYrneBT7hbmHQ8gE0C3umA=="
    },
    "ipfs-unixfs-exporter@13.6.1": {
      "integrity": "sha512-pYPI4oBTWao2//sFzAL0pURyojn79q/u5BuK6L5/nVbVUQVw6DcVP5uB1ySdWlTM2H+0Zlhp9+OL9aJBRIICpg==",
      "dependencies": [
        "@ipld/dag-cbor",
        "@ipld/dag-json",
        "@ipld/dag-pb",
        "@multiformats/murmur3",
        "hamt-sharding",
        "interface-blockstore",
        "ipfs-unixfs",
        "it-filter",
        "it-last",
        "it-map",
        "it-parallel",
        "it-pipe",
        "it-pushable",
        "multiformats",
        "p-queue",
        "progress-events"
      ]
    },
    "ipfs-unixfs-importer@15.3.1": {
      "integrity": "sha512-wHCTBqNsZXLJZ9/GSr7Msb3FDXD5yXF20Y9sKyUbbqNjbvaXs3n3h1+NM/5+WrgESHfwRcJIlJtaOKafL8Ymdg==",
      "dependencies": [
        "@ipld/dag-pb",
        "@multiformats/murmur3",
        "hamt-sharding",
        "interface-blockstore",
        "interface-store@6.0.2",
        "ipfs-unixfs",
        "it-all",
        "it-batch",
        "it-first",
        "it-parallel-batch",
        "multiformats",
        "progress-events",
        "rabin-wasm",
        "uint8arraylist",
        "uint8arrays"
      ]
    },
    "ipfs-unixfs@11.2.0": {
      "integrity": "sha512-J8FN1qM5nfrDo8sQKQwfj0+brTg1uBfZK2vY9hxci33lcl3BFrsELS9+1+4q/8tO1ASKfxZO8W3Pi2O4sVX2Lg==",
      "dependencies": [
        "protons-runtime",
        "uint8arraylist"
      ]
    },
    "is-extglob@2.1.1": {
      "integrity": "sha512-SbKbANkN603Vi4jEZv49LeVJMn4yGwsbzZworEoyEiutsN3nJYdbO36zfhGJ6QEDpOZIFkDtnq5JRxmvl3jsoQ=="
    },
    "is-glob@4.0.3": {
      "integrity": "sha512-xelSayHH36ZgE7ZWhli7pW34hNbNl8Ojv5KVmkJD4hBdD3th8Tfk9vYasLM+mXWOZhFkgZfxhLSnrwRr4elSSg==",
      "dependencies": [
        "is-extglob"
      ]
    },
    "is-loopback-addr@2.0.2": {
      "integrity": "sha512-26POf2KRCno/KTNL5Q0b/9TYnL00xEsSaLfiFRmjM7m7Lw7ZMmFybzzuX4CcsLAluZGd+niLUiMRxEooVE3aqg=="
    },
    "is-number@7.0.0": {
      "integrity": "sha512-41Cifkg6e8TylSpdtTpeLVMqvSBEVzTttHvERD741+pnZ8ANv0004MRL43QKPDlK9cGvNp6NZWZUBlbGXYxxng=="
    },
    "is-plain-obj@2.1.0": {
      "integrity": "sha512-YWnfyRwxL/+SsrWYfOpUtz5b3YD+nyfkHvjbcanzk8zgyO4ASD67uVMRt8k5bM4lLMDnXfriRhOpemw+NfT1eA=="
    },
    "it-all@3.0.6": {
      "integrity": "sha512-HXZWbxCgQZJfrv5rXvaVeaayXED8nTKx9tj9fpBhmcUJcedVZshMMMqTj0RG2+scGypb9Ut1zd1ifbf3lA8L+Q=="
    },
    "it-batch@3.0.6": {
      "integrity": "sha512-pQAAlSvJ4aV6xM/6LRvkPdKSKXxS4my2fGzNUxJyAQ8ccFdxPmK1bUuF5OoeUDkcdrbs8jtsmc4DypCMrGY6sg=="
    },
    "it-drain@3.0.7": {
      "integrity": "sha512-vy6S1JKjjHSIFHgBpLpD1zhkCRl3z1zYWUxE14+kAYf+BL9ssWSFImJfhl361IIcwr0ofw8etzg11VqqB+ntUA=="
    },
    "it-filter@3.1.1": {
      "integrity": "sha512-TOXmVuaSkxlLp2hXKoMTra0WMZMKVFxE3vSsbIA+PbADNCBAHhjJ/lM31vBOUTddHMO34Ku++vU8T9PLlBxQtg==",
      "dependencies": [
        "it-peekable"
      ]
    },
    "it-first@3.0.6": {
      "integrity": "sha512-ExIewyK9kXKNAplg2GMeWfgjUcfC1FnUXz/RPfAvIXby+w7U4b3//5Lic0NV03gXT8O/isj5Nmp6KiY0d45pIQ=="
    },
    "it-foreach@2.1.1": {
      "integrity": "sha512-ID4Gxnavk/LVQLQESAQ9hR6dR63Ih6X+8VdxEktX8rpz2dCGAbZpey/eljTNbMfV2UKXHiu6UsneoNBZuac97g==",
      "dependencies": [
        "it-peekable"
      ]
    },
    "it-glob@3.0.1": {
      "integrity": "sha512-IUWE9f6XVUJLugK7pQmQPqTWj4BiQJhufnvxfsCmNIGEDQEkKVs3Ld9gFZq/Vude6g/OpndhsiuFrA730Bc59A==",
      "dependencies": [
        "fast-glob"
      ]
    },
    "it-last@3.0.6": {
      "integrity": "sha512-M4/get95O85u2vWvWQinF8SJUc/RPC5bWTveBTYXvlP2q5TF9Y+QhT3nz+CRCyS2YEc66VJkyl/da6WrJ0wKhw=="
    },
    "it-map@3.1.1": {
      "integrity": "sha512-9bCSwKD1yN1wCOgJ9UOl+46NQtdatosPWzxxUk2NdTLwRPXLh+L7iwCC9QKsbgM60RQxT/nH8bKMqm3H/o8IHQ==",
      "dependencies": [
        "it-peekable"
      ]
    },
    "it-merge@3.0.5": {
      "integrity": "sha512-2l7+mPf85pyRF5pqi0dKcA54E5Jm/2FyY5GsOaN51Ta0ipC7YZ3szuAsH8wOoB6eKY4XsU4k2X+mzPmFBMayEA==",
      "dependencies": [
        "it-pushable"
      ]
    },
    "it-parallel-batch@3.0.6": {
      "integrity": "sha512-3wgiQGvMMHy65OXScrtrtmY+bJSF7P6St1AP+BU+SK83fEr8NNk/MrmJKrtB1+MahYX2a8I+pOGKDj8qVtuV0Q==",
      "dependencies": [
        "it-batch"
      ]
    },
    "it-parallel@3.0.8": {
      "integrity": "sha512-URLhs6eG4Hdr4OdvgBBPDzOjBeSSmI+Kqex2rv/aAyYClME26RYHirLVhZsZP5M+ZP6M34iRlXk8Wlqtezuqpg==",
      "dependencies": [
        "p-defer"
      ]
    },
    "it-peekable@3.0.5": {
      "integrity": "sha512-JWQOGMt6rKiPcY30zUVMR4g6YxkpueTwHVE7CMs/aGqCf4OydM6w+7ZM3PvmO1e0TocjuR4aL8xyZWR46cTqCQ=="
    },
    "it-pipe@3.0.1": {
      "integrity": "sha512-sIoNrQl1qSRg2seYSBH/3QxWhJFn9PKYvOf/bHdtCBF0bnghey44VyASsWzn5dAx0DCDDABq1hZIuzKmtBZmKA==",
      "dependencies": [
        "it-merge",
        "it-pushable",
        "it-stream-types"
      ]
    },
    "it-pushable@3.2.3": {
      "integrity": "sha512-gzYnXYK8Y5t5b/BnJUr7glfQLO4U5vyb05gPx/TyTw+4Bv1zM9gFk4YsOrnulWefMewlphCjKkakFvj1y99Tcg==",
      "dependencies": [
        "p-defer"
      ]
    },
    "it-sort@3.0.6": {
      "integrity": "sha512-aNrlZAXB8vWBd42tCpaXGL6CJVJNDW3OLczmdt6g0k/s9Z6evkTdgU2LjwW5SNNeX41sF+C8MjV+OcVf93PsPw==",
      "dependencies": [
        "it-all"
      ]
    },
    "it-stream-types@2.0.2": {
      "integrity": "sha512-Rz/DEZ6Byn/r9+/SBCuJhpPATDF9D+dz5pbgSUyBsCDtza6wtNATrz/jz1gDyNanC3XdLboriHnOC925bZRBww=="
    },
    "it-take@3.0.6": {
      "integrity": "sha512-uqw3MRzf9to1SOLxaureGa73lK8k8ZB/asOApTAkvrzUqCznGtKNgPFH7uYIWlt4UuWq/hU6I+U4Fm5xpjN8Vg=="
    },
    "lodash-es@4.17.21": {
      "integrity": "sha512-mKnC+QJ9pWVzv+C4/U3rRsHapFfHvQFoFB92e52xeyGMcX6/OlIl78je1u8vePzYZSkkogMPJ2yjxxsb89cxyw=="
    },
    "merge-options@3.0.4": {
      "integrity": "sha512-2Sug1+knBjkaMsMgf1ctR1Ujx+Ayku4EdJN4Z+C2+JzoeF7A3OZ9KM2GY0CpQS51NR61LTurMJrRKPhSs3ZRTQ==",
      "dependencies": [
        "is-plain-obj"
      ]
    },
    "merge2@1.4.1": {
      "integrity": "sha512-8q7VEgMJW4J8tcfVPy8g09NcQwZdbwFEqhe/WZkoIzjn/3TGDwtOCYtXGxA3O8tPzpczCCDgv+P2P5y00ZJOOg=="
    },
    "micromatch@4.0.8": {
      "integrity": "sha512-PXwfBhYu0hBCPw8Dn0E+WDYb7af3dSLVWKi3HGv84IdF4TyFoC0ysxFd0Goxw7nSv4T/PzEJQxsYsEiFCKo2BA==",
      "dependencies": [
        "braces",
        "picomatch"
      ]
    },
    "minimist@1.2.8": {
      "integrity": "sha512-2yyAR8qBkN3YuheJanUpWC5U3bb5osDywNB8RzDVlDwDHbocAJveqqj1u8+SVD7jkWT4yvsHCpWqqWqAxb0zCA=="
    },
    "mortice@3.0.4": {
      "integrity": "sha512-MUHRCAztSl4v/dAmK8vbYi5u1n9NZtQu4H3FsqS7qgMFQIAFw9lTpHiErd9kJpapqmvEdD1L3dUmiikifAvLsQ==",
      "dependencies": [
        "observable-webworkers",
        "p-queue",
        "p-timeout"
      ]
    },
    "ms@2.1.3": {
      "integrity": "sha512-6FlzubTLZG3J2a/NVCAleEhjzq5oxgHyaCU9yYXvcLsvoVaHJq/s5xXI6/XXP6tz7R9xAOtHnSO/tXtF3WRTlA=="
    },
    "ms@3.0.0-canary.1": {
      "integrity": "sha512-kh8ARjh8rMN7Du2igDRO9QJnqCb2xYTJxyQYK7vJJS4TvLLmsbyhiKpSW+t+y26gyOyMd0riphX0GeWKU3ky5g=="
    },
    "multiformats@13.3.0": {
      "integrity": "sha512-CBiqvsufgmpo01VT5ze94O+uc+Pbf6f/sThlvWss0sBZmAOu6GQn5usrYV2sf2mr17FWYc0rO8c/CNe2T90QAA=="
    },
    "murmurhash3js-revisited@3.0.0": {
      "integrity": "sha512-/sF3ee6zvScXMb1XFJ8gDsSnY+X8PbOyjIuBhtgis10W2Jx4ZjIhikUCIF9c4gpJxVnQIsPAFrSwTCuAjicP6g=="
    },
    "netmask@2.0.2": {
      "integrity": "sha512-dBpDMdxv9Irdq66304OLfEmQ9tbNRFnFTuZiLo+bD+r332bBmMJ8GBLXklIXXgxd3+v9+KUnZaUR5PJMa75Gsg=="
    },
    "node-fetch@2.7.0": {
      "integrity": "sha512-c4FRfUm/dbcWZ7U+1Wq0AwCyFL+3nt2bEw05wfxSz+DWpWsitgmSgYmy2dQdWyKC1694ELPqMs/YzUSNozLt8A==",
      "dependencies": [
        "whatwg-url"
      ]
    },
    "observable-webworkers@2.0.1": {
      "integrity": "sha512-JI1vB0u3pZjoQKOK1ROWzp0ygxSi7Yb0iR+7UNsw4/Zn4cQ0P3R7XL38zac/Dy2tEA7Lg88/wIJTjF8vYXZ0uw=="
    },
    "p-defer@4.0.1": {
      "integrity": "sha512-Mr5KC5efvAK5VUptYEIopP1bakB85k2IWXaRC0rsh1uwn1L6M0LVml8OIQ4Gudg4oyZakf7FmeRLkMMtZW1i5A=="
    },
    "p-queue@8.0.1": {
      "integrity": "sha512-NXzu9aQJTAzbBqOt2hwsR63ea7yvxJc0PwN/zobNAudYfb1B7R08SzB4TsLeSbUCuG467NhnoT0oO6w1qRO+BA==",
      "dependencies": [
        "eventemitter3",
        "p-timeout"
      ]
    },
    "p-timeout@6.1.2": {
      "integrity": "sha512-UbD77BuZ9Bc9aABo74gfXhNvzC9Tx7SxtHSh1fxvx3jTLLYvmVhiQZZrJzqqU0jKbN32kb5VOKiLEQI/3bIjgQ=="
    },
    "picomatch@2.3.1": {
      "integrity": "sha512-JU3teHTNjmE2VCGFzuY8EXzCDVwEqB2a8fsIvwaStHhAWJEeVd1o1QD80CU6+ZdEXXSLbSsuLwJjkCBWqRQUVA=="
    },
    "progress-events@1.0.1": {
      "integrity": "sha512-MOzLIwhpt64KIVN64h1MwdKWiyKFNc/S6BoYKPIVUHFg0/eIEyBulhWCgn678v/4c0ri3FdGuzXymNCv02MUIw=="
    },
    "protons-runtime@5.5.0": {
      "integrity": "sha512-EsALjF9QsrEk6gbCx3lmfHxVN0ah7nG3cY7GySD4xf4g8cr7g543zB88Foh897Sr1RQJ9yDCUsoT1i1H/cVUFA==",
      "dependencies": [
        "uint8-varint",
        "uint8arraylist",
        "uint8arrays"
      ]
    },
    "pvtsutils@1.3.5": {
      "integrity": "sha512-ARvb14YB9Nm2Xi6nBq1ZX6dAM0FsJnuk+31aUp4TrcZEdKUlSqOqsxJHUPJDNE3qiIp+iUPEIeR6Je/tgV7zsA==",
      "dependencies": [
        "tslib"
      ]
    },
    "pvutils@1.1.3": {
      "integrity": "sha512-pMpnA0qRdFp32b1sJl1wOJNxZLQ2cbQx+k6tjNtZ8CpvVhNqEPRgivZ2WOUev2YMajecdH7ctUPDvEe87nariQ=="
    },
    "queue-microtask@1.2.3": {
      "integrity": "sha512-NuaNSa6flKT5JaSYQzJok04JzTL1CA6aGhv5rfLW3PgqA+M2ChpZQnAC8h8i4ZFkBS8X5RqkDBHA7r4hej3K9A=="
    },
    "rabin-wasm@0.1.5": {
      "integrity": "sha512-uWgQTo7pim1Rnj5TuWcCewRDTf0PEFTSlaUjWP4eY9EbLV9em08v89oCz/WO+wRxpYuO36XEHp4wgYQnAgOHzA==",
      "dependencies": [
        "@assemblyscript/loader",
        "bl",
        "debug",
        "minimist",
        "node-fetch",
        "readable-stream"
      ],
      "bin": true
    },
    "race-event@1.3.0": {
      "integrity": "sha512-kaLm7axfOnahIqD3jQ4l1e471FIFcEGebXEnhxyLscuUzV8C94xVHtWEqDDXxll7+yu/6lW0w1Ff4HbtvHvOHg=="
    },
    "race-signal@1.1.0": {
      "integrity": "sha512-VqsW1uzCXfKBd2DhA3K3NhQlqQr04+5WQ7+kHpf1HzT01Q+ePSFWZdQHXKZPuLmm2eXTZM1XLO76cq15ZRAaEA=="
    },
    "readable-stream@3.6.2": {
      "integrity": "sha512-9u/sniCrY3D5WdsERHzHE4G2YCXqoG5FTHUiCC4SIbr6XcLZBY05ya9EKjYek9O5xOAwjGq+1JdGBAS7Q9ScoA==",
      "dependencies": [
        "inherits",
        "string_decoder",
        "util-deprecate"
      ]
    },
    "reusify@1.0.4": {
      "integrity": "sha512-U9nH88a3fc/ekCF1l0/UP1IosiuIjyTh7hBvXVMHYgVcfGvt897Xguj2UOLDeI5BG2m7/uwyaLVT6fbtCwTyzw=="
    },
    "run-parallel@1.2.0": {
      "integrity": "sha512-5l4VyZR86LZ/lDxZTR6jqL8AFE2S0IFLMP26AbjsLVADxHdhB/c0GUsH+y39UfCi3dzz8OlQuPmnaJOMoDHQBA==",
      "dependencies": [
        "queue-microtask"
      ]
    },
    "safe-buffer@5.2.1": {
      "integrity": "sha512-rp3So07KcdmmKbGvgaNxQSJr7bGVSVk5S9Eq1F+ppbRo70+YeaDxkw5Dd8NPN+GD6bjnYm2VuPuCXmpuYvmCXQ=="
    },
    "sparse-array@1.3.2": {
      "integrity": "sha512-ZT711fePGn3+kQyLuv1fpd3rNSkNF8vd5Kv2D+qnOANeyKs3fx6bUMGWRPvgTTcYV64QMqZKZwcuaQSP3AZ0tg=="
    },
    "string_decoder@1.3.0": {
      "integrity": "sha512-hkRX8U1WjJFd8LsDJ2yQ/wWWxaopEsABU1XfkM8A+j0+85JAGppt16cr1Whg6KIbb4okU6Mql6BOj+uup/wKeA==",
      "dependencies": [
        "safe-buffer"
      ]
    },
    "supports-color@9.4.0": {
      "integrity": "sha512-VL+lNrEoIXww1coLPOmiEmK/0sGigko5COxI09KzHc2VJXJsQ37UaQ+8quuxjDeA7+KnLGTWRyOXSLLR2Wb4jw=="
    },
    "to-regex-range@5.0.1": {
      "integrity": "sha512-65P7iz6X5yEr1cwcgvQxbbIw7Uk3gOy5dIdtZ4rDveLqhrdJP+Li/Hx6tyK0NEb+2GCyneCMJiGqrADCSNk8sQ==",
      "dependencies": [
        "is-number"
      ]
    },
    "tr46@0.0.3": {
      "integrity": "sha512-N3WMsuqV66lT30CrXNbEjx4GEwlow3v6rr4mCcv6prnfwhS01rkgyFdjPNBYd9br7LpXV1+Emh01fHnq2Gdgrw=="
    },
    "tslib@2.7.0": {
      "integrity": "sha512-gLXCKdN1/j47AiHiOkJN69hJmcbGTHI0ImLmbYLHykhgeN0jVGola9yVjFgzCUklsZQMW55o+dW7IXv3RCXDzA=="
    },
    "uint8-varint@2.0.4": {
      "integrity": "sha512-FwpTa7ZGA/f/EssWAb5/YV6pHgVF1fViKdW8cWaEarjB8t7NyofSWBdOTyFPaGuUG4gx3v1O3PQ8etsiOs3lcw==",
      "dependencies": [
        "uint8arraylist",
        "uint8arrays"
      ]
    },
    "uint8arraylist@2.4.8": {
      "integrity": "sha512-vc1PlGOzglLF0eae1M8mLRTBivsvrGsdmJ5RbK3e+QRvRLOZfZhQROTwH/OfyF3+ZVUg9/8hE8bmKP2CvP9quQ==",
      "dependencies": [
        "uint8arrays"
      ]
    },
    "uint8arrays@5.1.0": {
      "integrity": "sha512-vA6nFepEmlSKkMBnLBaUMVvAC4G3CTmO58C12y4sq6WPDOR7mOFYOi7GlrQ4djeSbP6JG9Pv9tJDM97PedRSww==",
      "dependencies": [
        "multiformats"
      ]
    },
    "undici-types@6.19.8": {
      "integrity": "sha512-ve2KP6f/JnbPBFyobGHuerC9g1FYGn/F8n1LWTwNxCEzd6IfqTwUQcNXgEtmmQ6DlRrC1hrSrBnCZPokRrDHjw=="
    },
    "util-deprecate@1.0.2": {
      "integrity": "sha512-EPD5q1uXyFxJpCrLnCc1nHnq3gOa6DZBocAIiI2TaSCA7VCJ1UJDMagCzIkXNsUYfD1daK//LTEQ8xiIbrHtcw=="
    },
    "varint@6.0.0": {
      "integrity": "sha512-cXEIW6cfr15lFv563k4GuVuW/fiwjknytD37jIOLSdSWuOI6WnO/oKwmP2FQTU2l01LP8/M5TSAJpzUaGe3uWg=="
    },
    "weald@1.0.4": {
      "integrity": "sha512-+kYTuHonJBwmFhP1Z4YQK/dGi3jAnJGCYhyODFpHK73rbxnp9lnZQj7a2m+WVgn8fXr5bJaxUpF6l8qZpPeNWQ==",
      "dependencies": [
        "ms@3.0.0-canary.1",
        "supports-color"
      ]
    },
    "webidl-conversions@3.0.1": {
      "integrity": "sha512-2JAn3z8AR6rjK8Sm8orRC0h/bcl/DqL7tRPdGZ4I1CjdF+EaMLmYxBHyXuKL849eucPFhvBoxMsflfOb8kxaeQ=="
    },
    "whatwg-url@5.0.0": {
      "integrity": "sha512-saE57nupxk6v3HY35+jzBwYa0rKSy0XR8JSxZPwgLr7ys0IBzhGviA1/TUGJLmSVqs8pb9AnvICXEuOHLprYTw==",
      "dependencies": [
        "tr46",
        "webidl-conversions"
      ]
    }
  },
  "remote": {
    "https://deno.land/std@0.224.0/assert/_constants.ts": "a271e8ef5a573f1df8e822a6eb9d09df064ad66a4390f21b3e31f820a38e0975",
    "https://deno.land/std@0.224.0/assert/assert.ts": "09d30564c09de846855b7b071e62b5974b001bb72a4b797958fe0660e7849834",
    "https://deno.land/std@0.224.0/assert/assert_equals.ts": "3bbca947d85b9d374a108687b1a8ba3785a7850436b5a8930d81f34a32cb8c74",
    "https://deno.land/std@0.224.0/assert/assert_false.ts": "3e9be8e33275db00d952e9acb0cd29481a44fa0a4af6d37239ff58d79e8edeff",
    "https://deno.land/std@0.224.0/assert/assert_instance_of.ts": "e22343c1fdcacfaea8f37784ad782683ec1cf599ae9b1b618954e9c22f376f2c",
    "https://deno.land/std@0.224.0/assert/assert_is_error.ts": "f856b3bc978a7aa6a601f3fec6603491ab6255118afa6baa84b04426dd3cc491",
    "https://deno.land/std@0.224.0/assert/assert_match.ts": "ace1710dd3b2811c391946954234b5da910c5665aed817943d086d4d4871a8b7",
    "https://deno.land/std@0.224.0/assert/assert_not_instance_of.ts": "3434a669b4d20cdcc5359779301a0588f941ffdc2ad68803c31eabdb4890cf7a",
    "https://deno.land/std@0.224.0/assert/assert_not_match.ts": "df30417240aa2d35b1ea44df7e541991348a063d9ee823430e0b58079a72242a",
    "https://deno.land/std@0.224.0/assert/assert_not_strict_equals.ts": "37f73880bd672709373d6dc2c5f148691119bed161f3020fff3548a0496f71b8",
    "https://deno.land/std@0.224.0/assert/assert_object_match.ts": "411450fd194fdaabc0089ae68f916b545a49d7b7e6d0026e84a54c9e7eed2693",
    "https://deno.land/std@0.224.0/assert/assert_strict_equals.ts": "b4f45f0fd2e54d9029171876bd0b42dd9ed0efd8f853ab92a3f50127acfa54f5",
    "https://deno.land/std@0.224.0/assert/assertion_error.ts": "ba8752bd27ebc51f723702fac2f54d3e94447598f54264a6653d6413738a8917",
    "https://deno.land/std@0.224.0/assert/equal.ts": "bddf07bb5fc718e10bb72d5dc2c36c1ce5a8bdd3b647069b6319e07af181ac47",
    "https://deno.land/std@0.224.0/expect/_assert_equals.ts": "08a5ba74c1c7ca51c4c2c33158509746c560777ad3cb8996a55d85a8d57c351c",
    "https://deno.land/std@0.224.0/expect/_assert_not_equals.ts": "f8c56aafbc12b2d49bb5e1478f02a3ae8a6fd884eff18ccbc899a94829eb1510",
    "https://deno.land/std@0.224.0/expect/_asymmetric_matchers.ts": "bf2385fc9a943f0600f7870c8dfcbfd0ab5d633fe3c45b84339016e0d8069ac4",
    "https://deno.land/std@0.224.0/expect/_build_message.ts": "5381029035b3ff64839167f1be3e36ee2c5c5f062878f50b8d060407945206c6",
    "https://deno.land/std@0.224.0/expect/_constants.ts": "751a014c4b803ad21287529d55d213d8b5eb34d203cca9509e4c9b84ced440a8",
    "https://deno.land/std@0.224.0/expect/_custom_equality_tester.ts": "9426916863d2b740ae3ec74e2de5f2ec79d36bb1a62bdd5965a9b9543c8ee46d",
    "https://deno.land/std@0.224.0/expect/_equal.ts": "f2d4f3a10f91cd6c21deefc8facdbc9e6f07a828e68b8e50049a33f8a4c3c6d4",
    "https://deno.land/std@0.224.0/expect/_extend.ts": "df775060bffb0756519aa20663ecea5503167a8f13f5aef9cf18c24f16161ca3",
    "https://deno.land/std@0.224.0/expect/_inspect_args.ts": "6cc9b3809e6f9671b35d0305d1ed7cc340b00b0455731b0b47b6c2ae707f8f27",
    "https://deno.land/std@0.224.0/expect/_matchers.ts": "5e1056b4243fc3094381c9db0783ce0d47559fa11745c63227cf01c0352cb4ed",
    "https://deno.land/std@0.224.0/expect/_mock_util.ts": "7e79e07eb869ff71b96601ac76807c745465bd3c5a3df622abf44c28a0c4ca8c",
    "https://deno.land/std@0.224.0/expect/_snapshot_serializer.ts": "de8cf3b1d7005789ea35ce0052146a4a42ce8d36fe947c712db7147b83ffa778",
    "https://deno.land/std@0.224.0/expect/_types.ts": "a44a35d8566a51350d38ff8e902e2bfeee502dbb72282da5aee214ae98c6f70e",
    "https://deno.land/std@0.224.0/expect/_utils.ts": "fc45069227d1c5a04f642b9224f060017eb02923159a4848d79a7a3fcef53c55",
    "https://deno.land/std@0.224.0/expect/expect.ts": "474fa2c581c861be43bf4fcf58875d7d28b879bea1d2c671b833b2147ced24ab",
    "https://deno.land/std@0.224.0/expect/fn.ts": "2508684de0a3147698b3b162f6fc99f7f9fe424ba3136fc4016f654aaff243cd",
    "https://deno.land/std@0.224.0/expect/mod.ts": "dc79508c6f554d70ef087fdb726d09add7a48f5e612aabc2d951e5cc69c4529a",
    "https://deno.land/std@0.224.0/fmt/colors.ts": "508563c0659dd7198ba4bbf87e97f654af3c34eb56ba790260f252ad8012e1c5",
    "https://deno.land/std@0.224.0/fs/_get_file_info_type.ts": "da7bec18a7661dba360a1db475b826b18977582ce6fc9b25f3d4ee0403fe8cbd",
    "https://deno.land/std@0.224.0/fs/_to_path_string.ts": "29bfc9c6c112254961d75cbf6ba814d6de5349767818eb93090cecfa9665591e",
    "https://deno.land/std@0.224.0/fs/ensure_dir.ts": "51a6279016c65d2985f8803c848e2888e206d1b510686a509fa7cc34ce59d29f",
    "https://deno.land/std@0.224.0/fs/ensure_file.ts": "67608cf550529f3d4aa1f8b6b36bf817bdc40b14487bf8f60e61cbf68f507cf3",
    "https://deno.land/std@0.224.0/internal/diff.ts": "6234a4b493ebe65dc67a18a0eb97ef683626a1166a1906232ce186ae9f65f4e6",
    "https://deno.land/std@0.224.0/internal/format.ts": "0a98ee226fd3d43450245b1844b47003419d34d210fa989900861c79820d21c2",
    "https://deno.land/std@0.224.0/internal/mod.ts": "534125398c8e7426183e12dc255bb635d94e06d0f93c60a297723abe69d3b22e",
    "https://deno.land/std@0.224.0/path/_common/assert_path.ts": "dbdd757a465b690b2cc72fc5fb7698c51507dec6bfafce4ca500c46b76ff7bd8",
    "https://deno.land/std@0.224.0/path/_common/constants.ts": "dc5f8057159f4b48cd304eb3027e42f1148cf4df1fb4240774d3492b5d12ac0c",
    "https://deno.land/std@0.224.0/path/_common/dirname.ts": "684df4aa71a04bbcc346c692c8485594fc8a90b9408dfbc26ff32cf3e0c98cc8",
    "https://deno.land/std@0.224.0/path/_common/from_file_url.ts": "d672bdeebc11bf80e99bf266f886c70963107bdd31134c4e249eef51133ceccf",
    "https://deno.land/std@0.224.0/path/_common/normalize_string.ts": "33edef773c2a8e242761f731adeb2bd6d683e9c69e4e3d0092985bede74f4ac3",
    "https://deno.land/std@0.224.0/path/_common/strip_trailing_separators.ts": "7024a93447efcdcfeaa9339a98fa63ef9d53de363f1fbe9858970f1bba02655a",
    "https://deno.land/std@0.224.0/path/_common/to_file_url.ts": "7f76adbc83ece1bba173e6e98a27c647712cab773d3f8cbe0398b74afc817883",
    "https://deno.land/std@0.224.0/path/_interface.ts": "8dfeb930ca4a772c458a8c7bbe1e33216fe91c253411338ad80c5b6fa93ddba0",
    "https://deno.land/std@0.224.0/path/_os.ts": "8fb9b90fb6b753bd8c77cfd8a33c2ff6c5f5bc185f50de8ca4ac6a05710b2c15",
    "https://deno.land/std@0.224.0/path/dirname.ts": "85bd955bf31d62c9aafdd7ff561c4b5fb587d11a9a5a45e2b01aedffa4238a7c",
    "https://deno.land/std@0.224.0/path/from_file_url.ts": "911833ae4fd10a1c84f6271f36151ab785955849117dc48c6e43b929504ee069",
    "https://deno.land/std@0.224.0/path/parse.ts": "77ad91dcb235a66c6f504df83087ce2a5471e67d79c402014f6e847389108d5a",
    "https://deno.land/std@0.224.0/path/posix/_util.ts": "1e3937da30f080bfc99fe45d7ed23c47dd8585c5e473b2d771380d3a6937cf9d",
    "https://deno.land/std@0.224.0/path/posix/dirname.ts": "76cd348ffe92345711409f88d4d8561d8645353ac215c8e9c80140069bf42f00",
    "https://deno.land/std@0.224.0/path/posix/from_file_url.ts": "951aee3a2c46fd0ed488899d024c6352b59154c70552e90885ed0c2ab699bc40",
    "https://deno.land/std@0.224.0/path/posix/is_absolute.ts": "cebe561ad0ae294f0ce0365a1879dcfca8abd872821519b4fcc8d8967f888ede",
    "https://deno.land/std@0.224.0/path/posix/parse.ts": "09dfad0cae530f93627202f28c1befa78ea6e751f92f478ca2cc3b56be2cbb6a",
    "https://deno.land/std@0.224.0/path/posix/resolve.ts": "08b699cfeee10cb6857ccab38fa4b2ec703b0ea33e8e69964f29d02a2d5257cf",
    "https://deno.land/std@0.224.0/path/posix/to_file_url.ts": "7aa752ba66a35049e0e4a4be5a0a31ac6b645257d2e031142abb1854de250aaf",
    "https://deno.land/std@0.224.0/path/resolve.ts": "a6f977bdb4272e79d8d0ed4333e3d71367cc3926acf15ac271f1d059c8494d8d",
    "https://deno.land/std@0.224.0/path/to_file_url.ts": "88f049b769bce411e2d2db5bd9e6fd9a185a5fbd6b9f5ad8f52bef517c4ece1b",
    "https://deno.land/std@0.224.0/path/windows/_util.ts": "d5f47363e5293fced22c984550d5e70e98e266cc3f31769e1710511803d04808",
    "https://deno.land/std@0.224.0/path/windows/dirname.ts": "33e421be5a5558a1346a48e74c330b8e560be7424ed7684ea03c12c21b627bc9",
    "https://deno.land/std@0.224.0/path/windows/from_file_url.ts": "ced2d587b6dff18f963f269d745c4a599cf82b0c4007356bd957cb4cb52efc01",
    "https://deno.land/std@0.224.0/path/windows/is_absolute.ts": "4a8f6853f8598cf91a835f41abed42112cebab09478b072e4beb00ec81f8ca8a",
    "https://deno.land/std@0.224.0/path/windows/parse.ts": "08804327b0484d18ab4d6781742bf374976de662f8642e62a67e93346e759707",
    "https://deno.land/std@0.224.0/path/windows/resolve.ts": "8dae1dadfed9d46ff46cc337c9525c0c7d959fb400a6308f34595c45bdca1972",
    "https://deno.land/std@0.224.0/path/windows/to_file_url.ts": "40e560ee4854fe5a3d4d12976cef2f4e8914125c81b11f1108e127934ced502e",
    "https://deno.land/std@0.224.0/testing/snapshot.ts": "35ca1c8e8bfb98d7b7e794f1b7be8d992483fcff572540e41396f22a5bddb944"
  },
  "workspace": {
    "members": {
      "carify": {
        "packageJson": {
          "dependencies": [
            "npm:@helia/car@^3.1.5",
            "npm:@helia/unixfs@^3.0.6",
            "npm:@helia/utils@~0.3.2",
            "npm:@ipld/car@^5.3.1",
            "npm:blockstore-core@^4.4.1",
            "npm:datastore-core@^9.2.9"
          ]
        }
      },
      "html": {
        "dependencies": [
          "npm:lodash-es@^4.17.21"
        ]
      }
    }
  }
}
